// !$*UTF8*$!
{
	archiveVersion = 1;
	classes = {
	};
	objectVersion = 50;
	objects = {

/* Begin PBXBuildFile section */
		8F390F6825F713DD003E8CF4 /* AppDelegate.swift in Sources */ = {isa = PBXBuildFile; fileRef = 8F390F6725F713DD003E8CF4 /* AppDelegate.swift */; };
		8F390F6A25F713DD003E8CF4 /* SceneDelegate.swift in Sources */ = {isa = PBXBuildFile; fileRef = 8F390F6925F713DD003E8CF4 /* SceneDelegate.swift */; };
		8F390F6C25F713DD003E8CF4 /* HomeViewController.swift in Sources */ = {isa = PBXBuildFile; fileRef = 8F390F6B25F713DD003E8CF4 /* HomeViewController.swift */; };
		8F390F6F25F713DD003E8CF4 /* Main.storyboard in Resources */ = {isa = PBXBuildFile; fileRef = 8F390F6D25F713DD003E8CF4 /* Main.storyboard */; };
		8F390F7125F713F5003E8CF4 /* Assets.xcassets in Resources */ = {isa = PBXBuildFile; fileRef = 8F390F7025F713F5003E8CF4 /* Assets.xcassets */; };
		8F390F7425F713F5003E8CF4 /* LaunchScreen.storyboard in Resources */ = {isa = PBXBuildFile; fileRef = 8F390F7225F713F5003E8CF4 /* LaunchScreen.storyboard */; };
		8F390F7E25F71CA0003E8CF4 /* TaskViewController.swift in Sources */ = {isa = PBXBuildFile; fileRef = 8F390F7D25F71CA0003E8CF4 /* TaskViewController.swift */; };
		8F390F8925F73C39003E8CF4 /* TaskDataModel.swift in Sources */ = {isa = PBXBuildFile; fileRef = 8F390F8825F73C39003E8CF4 /* TaskDataModel.swift */; };
		8F390F8C25F76696003E8CF4 /* TaskTableViewCell.swift in Sources */ = {isa = PBXBuildFile; fileRef = 8F390F8B25F76696003E8CF4 /* TaskTableViewCell.swift */; };
		8F5FAD2225F79A7400DC977F /* taskData in Resources */ = {isa = PBXBuildFile; fileRef = 8F5FAD2125F79A7400DC977F /* taskData */; };
		8F5FAD2825F79BA300DC977F /* data.json in Resources */ = {isa = PBXBuildFile; fileRef = 8F5FAD2725F79BA300DC977F /* data.json */; };
/* End PBXBuildFile section */

/* Begin PBXFileReference section */
		8F390F6425F713DD003E8CF4 /* TaskTracker.app */ = {isa = PBXFileReference; explicitFileType = wrapper.application; includeInIndex = 0; path = TaskTracker.app; sourceTree = BUILT_PRODUCTS_DIR; };
		8F390F6725F713DD003E8CF4 /* AppDelegate.swift */ = {isa = PBXFileReference; lastKnownFileType = sourcecode.swift; path = AppDelegate.swift; sourceTree = "<group>"; };
		8F390F6925F713DD003E8CF4 /* SceneDelegate.swift */ = {isa = PBXFileReference; lastKnownFileType = sourcecode.swift; path = SceneDelegate.swift; sourceTree = "<group>"; };
		8F390F6B25F713DD003E8CF4 /* HomeViewController.swift */ = {isa = PBXFileReference; lastKnownFileType = sourcecode.swift; path = HomeViewController.swift; sourceTree = "<group>"; };
		8F390F6E25F713DD003E8CF4 /* Base */ = {isa = PBXFileReference; lastKnownFileType = file.storyboard; name = Base; path = Base.lproj/Main.storyboard; sourceTree = "<group>"; };
		8F390F7025F713F5003E8CF4 /* Assets.xcassets */ = {isa = PBXFileReference; lastKnownFileType = folder.assetcatalog; path = Assets.xcassets; sourceTree = "<group>"; };
		8F390F7325F713F5003E8CF4 /* Base */ = {isa = PBXFileReference; lastKnownFileType = file.storyboard; name = Base; path = Base.lproj/LaunchScreen.storyboard; sourceTree = "<group>"; };
		8F390F7525F713F5003E8CF4 /* Info.plist */ = {isa = PBXFileReference; lastKnownFileType = text.plist.xml; path = Info.plist; sourceTree = "<group>"; };
		8F390F7D25F71CA0003E8CF4 /* TaskViewController.swift */ = {isa = PBXFileReference; lastKnownFileType = sourcecode.swift; path = TaskViewController.swift; sourceTree = "<group>"; };
		8F390F8825F73C39003E8CF4 /* TaskDataModel.swift */ = {isa = PBXFileReference; lastKnownFileType = sourcecode.swift; path = TaskDataModel.swift; sourceTree = "<group>"; };
		8F390F8B25F76696003E8CF4 /* TaskTableViewCell.swift */ = {isa = PBXFileReference; lastKnownFileType = sourcecode.swift; path = TaskTableViewCell.swift; sourceTree = "<group>"; };
		8F5FAD2125F79A7400DC977F /* taskData */ = {isa = PBXFileReference; explicitFileType = text.json; path = taskData; sourceTree = "<group>"; };
		8F5FAD2725F79BA300DC977F /* data.json */ = {isa = PBXFileReference; lastKnownFileType = text.json; path = data.json; sourceTree = "<group>"; };
/* End PBXFileReference section */

/* Begin PBXFrameworksBuildPhase section */
		8F390F6125F713DD003E8CF4 /* Frameworks */ = {
			isa = PBXFrameworksBuildPhase;
			buildActionMask = 2147483647;
			files = (
			);
			runOnlyForDeploymentPostprocessing = 0;
		};
/* End PBXFrameworksBuildPhase section */

/* Begin PBXGroup section */
		8F390F5B25F713DD003E8CF4 = {
			isa = PBXGroup;
			children = (
				8F390F6625F713DD003E8CF4 /* TaskTracker */,
				8F390F6525F713DD003E8CF4 /* Products */,
			);
			sourceTree = "<group>";
		};
		8F390F6525F713DD003E8CF4 /* Products */ = {
			isa = PBXGroup;
			children = (
				8F390F6425F713DD003E8CF4 /* TaskTracker.app */,
			);
			name = Products;
			sourceTree = "<group>";
		};
		8F390F6625F713DD003E8CF4 /* TaskTracker */ = {
			isa = PBXGroup;
			children = (
				8F390F8625F72577003E8CF4 /* Model */,
				8F390F8525F72570003E8CF4 /* View */,
				8F390F8425F72567003E8CF4 /* ViewModel */,
				8F390F8325F7255E003E8CF4 /* Common */,
				8F390F7025F713F5003E8CF4 /* Assets.xcassets */,
				8F390F7225F713F5003E8CF4 /* LaunchScreen.storyboard */,
				8F390F7525F713F5003E8CF4 /* Info.plist */,
			);
			path = TaskTracker;
			sourceTree = "<group>";
		};
		8F390F8325F7255E003E8CF4 /* Common */ = {
			isa = PBXGroup;
			children = (
				8F390F6925F713DD003E8CF4 /* SceneDelegate.swift */,
				8F390F6725F713DD003E8CF4 /* AppDelegate.swift */,
				8F5FAD2125F79A7400DC977F /* taskData */,
				8F5FAD2725F79BA300DC977F /* data.json */,
			);
			path = Common;
			sourceTree = "<group>";
		};
		8F390F8425F72567003E8CF4 /* ViewModel */ = {
			isa = PBXGroup;
			children = (
				8F390F7D25F71CA0003E8CF4 /* TaskViewController.swift */,
			);
			path = ViewModel;
			sourceTree = "<group>";
		};
		8F390F8525F72570003E8CF4 /* View */ = {
			isa = PBXGroup;
			children = (
				8F390F6B25F713DD003E8CF4 /* HomeViewController.swift */,
				8F390F6D25F713DD003E8CF4 /* Main.storyboard */,
				8F390F8B25F76696003E8CF4 /* TaskTableViewCell.swift */,
			);
			path = View;
			sourceTree = "<group>";
		};
		8F390F8625F72577003E8CF4 /* Model */ = {
			isa = PBXGroup;
			children = (
				8F390F8825F73C39003E8CF4 /* TaskDataModel.swift */,
			);
			path = Model;
			sourceTree = "<group>";
		};
/* End PBXGroup section */

/* Begin PBXNativeTarget section */
		8F390F6325F713DD003E8CF4 /* TaskTracker */ = {
			isa = PBXNativeTarget;
			buildConfigurationList = 8F390F7825F713F5003E8CF4 /* Build configuration list for PBXNativeTarget "TaskTracker" */;
			buildPhases = (
				8F390F6025F713DD003E8CF4 /* Sources */,
				8F390F6125F713DD003E8CF4 /* Frameworks */,
				8F390F6225F713DD003E8CF4 /* Resources */,
			);
			buildRules = (
			);
			dependencies = (
			);
			name = TaskTracker;
			productName = TaskTracker;
			productReference = 8F390F6425F713DD003E8CF4 /* TaskTracker.app */;
			productType = "com.apple.product-type.application";
		};
/* End PBXNativeTarget section */

/* Begin PBXProject section */
		8F390F5C25F713DD003E8CF4 /* Project object */ = {
			isa = PBXProject;
			attributes = {
				LastSwiftUpdateCheck = 1230;
				LastUpgradeCheck = 1230;
				TargetAttributes = {
					8F390F6325F713DD003E8CF4 = {
						CreatedOnToolsVersion = 12.3;
					};
				};
			};
			buildConfigurationList = 8F390F5F25F713DD003E8CF4 /* Build configuration list for PBXProject "TaskTracker" */;
			compatibilityVersion = "Xcode 9.3";
			developmentRegion = en;
			hasScannedForEncodings = 0;
			knownRegions = (
				en,
				Base,
			);
			mainGroup = 8F390F5B25F713DD003E8CF4;
			productRefGroup = 8F390F6525F713DD003E8CF4 /* Products */;
			projectDirPath = "";
			projectRoot = "";
			targets = (
				8F390F6325F713DD003E8CF4 /* TaskTracker */,
			);
		};
/* End PBXProject section */

/* Begin PBXResourcesBuildPhase section */
		8F390F6225F713DD003E8CF4 /* Resources */ = {
			isa = PBXResourcesBuildPhase;
			buildActionMask = 2147483647;
			files = (
				8F390F7425F713F5003E8CF4 /* LaunchScreen.storyboard in Resources */,
				8F390F7125F713F5003E8CF4 /* Assets.xcassets in Resources */,
				8F5FAD2225F79A7400DC977F /* taskData in Resources */,
				8F5FAD2825F79BA300DC977F /* data.json in Resources */,
				8F390F6F25F713DD003E8CF4 /* Main.storyboard in Resources */,
			);
			runOnlyForDeploymentPostprocessing = 0;
		};
/* End PBXResourcesBuildPhase section */

/* Begin PBXSourcesBuildPhase section */
		8F390F6025F713DD003E8CF4 /* Sources */ = {
			isa = PBXSourcesBuildPhase;
			buildActionMask = 2147483647;
			files = (
				8F390F6C25F713DD003E8CF4 /* HomeViewController.swift in Sources */,
				8F390F7E25F71CA0003E8CF4 /* TaskViewController.swift in Sources */,
				8F390F8C25F76696003E8CF4 /* TaskTableViewCell.swift in Sources */,
				8F390F8925F73C39003E8CF4 /* TaskDataModel.swift in Sources */,
				8F390F6825F713DD003E8CF4 /* AppDelegate.swift in Sources */,
				8F390F6A25F713DD003E8CF4 /* SceneDelegate.swift in Sources */,
			);
			runOnlyForDeploymentPostprocessing = 0;
		};
/* End PBXSourcesBuildPhase section */

/* Begin PBXVariantGroup section */
		8F390F6D25F713DD003E8CF4 /* Main.storyboard */ = {
			isa = PBXVariantGroup;
			children = (
				8F390F6E25F713DD003E8CF4 /* Base */,
			);
			name = Main.storyboard;
			sourceTree = "<group>";
		};
		8F390F7225F713F5003E8CF4 /* LaunchScreen.storyboard */ = {
			isa = PBXVariantGroup;
			children = (
				8F390F7325F713F5003E8CF4 /* Base */,
			);
			name = LaunchScreen.storyboard;
			sourceTree = "<group>";
		};
/* End PBXVariantGroup section */

/* Begin XCBuildConfiguration section */
		8F390F7625F713F5003E8CF4 /* Debug */ = {
			isa = XCBuildConfiguration;
			buildSettings = {
				ALWAYS_SEARCH_USER_PATHS = NO;
				CLANG_ANALYZER_NONNULL = YES;
				CLANG_ANALYZER_NUMBER_OBJECT_CONVERSION = YES_AGGRESSIVE;
				CLANG_CXX_LANGUAGE_STANDARD = "gnu++14";
				CLANG_CXX_LIBRARY = "libc++";
				CLANG_ENABLE_MODULES = YES;
				CLANG_ENABLE_OBJC_ARC = YES;
				CLANG_ENABLE_OBJC_WEAK = YES;
				CLANG_WARN_BLOCK_CAPTURE_AUTORELEASING = YES;
				CLANG_WARN_BOOL_CONVERSION = YES;
				CLANG_WARN_COMMA = YES;
				CLANG_WARN_CONSTANT_CONVERSION = YES;
				CLANG_WARN_DEPRECATED_OBJC_IMPLEMENTATIONS = YES;
				CLANG_WARN_DIRECT_OBJC_ISA_USAGE = YES_ERROR;
				CLANG_WARN_DOCUMENTATION_COMMENTS = YES;
				CLANG_WARN_EMPTY_BODY = YES;
				CLANG_WARN_ENUM_CONVERSION = YES;
				CLANG_WARN_INFINITE_RECURSION = YES;
				CLANG_WARN_INT_CONVERSION = YES;
				CLANG_WARN_NON_LITERAL_NULL_CONVERSION = YES;
				CLANG_WARN_OBJC_IMPLICIT_RETAIN_SELF = YES;
				CLANG_WARN_OBJC_LITERAL_CONVERSION = YES;
				CLANG_WARN_OBJC_ROOT_CLASS = YES_ERROR;
				CLANG_WARN_QUOTED_INCLUDE_IN_FRAMEWORK_HEADER = YES;
				CLANG_WARN_RANGE_LOOP_ANALYSIS = YES;
				CLANG_WARN_STRICT_PROTOTYPES = YES;
				CLANG_WARN_SUSPICIOUS_MOVE = YES;
				CLANG_WARN_UNGUARDED_AVAILABILITY = YES_AGGRESSIVE;
				CLANG_WARN_UNREACHABLE_CODE = YES;
				CLANG_WARN__DUPLICATE_METHOD_MATCH = YES;
				COPY_PHASE_STRIP = NO;
				DEBUG_INFORMATION_FORMAT = dwarf;
				ENABLE_STRICT_OBJC_MSGSEND = YES;
				ENABLE_TESTABILITY = YES;
				GCC_C_LANGUAGE_STANDARD = gnu11;
				GCC_DYNAMIC_NO_PIC = NO;
				GCC_NO_COMMON_BLOCKS = YES;
				GCC_OPTIMIZATION_LEVEL = 0;
				GCC_PREPROCESSOR_DEFINITIONS = (
					"DEBUG=1",
					"$(inherited)",
				);
				GCC_WARN_64_TO_32_BIT_CONVERSION = YES;
				GCC_WARN_ABOUT_RETURN_TYPE = YES_ERROR;
				GCC_WARN_UNDECLARED_SELECTOR = YES;
				GCC_WARN_UNINITIALIZED_AUTOS = YES_AGGRESSIVE;
				GCC_WARN_UNUSED_FUNCTION = YES;
				GCC_WARN_UNUSED_VARIABLE = YES;
				IPHONEOS_DEPLOYMENT_TARGET = 14.3;
				MTL_ENABLE_DEBUG_INFO = INCLUDE_SOURCE;
				MTL_FAST_MATH = YES;
				ONLY_ACTIVE_ARCH = YES;
				SDKROOT = iphoneos;
				SWIFT_ACTIVE_COMPILATION_CONDITIONS = DEBUG;
				SWIFT_OPTIMIZATION_LEVEL = "-Onone";
			};
			name = Debug;
		};
		8F390F7725F713F5003E8CF4 /* Release */ = {
			isa = XCBuildConfiguration;
			buildSettings = {
				ALWAYS_SEARCH_USER_PATHS = NO;
				CLANG_ANALYZER_NONNULL = YES;
				CLANG_ANALYZER_NUMBER_OBJECT_CONVERSION = YES_AGGRESSIVE;
				CLANG_CXX_LANGUAGE_STANDARD = "gnu++14";
				CLANG_CXX_LIBRARY = "libc++";
				CLANG_ENABLE_MODULES = YES;
				CLANG_ENABLE_OBJC_ARC = YES;
				CLANG_ENABLE_OBJC_WEAK = YES;
				CLANG_WARN_BLOCK_CAPTURE_AUTORELEASING = YES;
				CLANG_WARN_BOOL_CONVERSION = YES;
				CLANG_WARN_COMMA = YES;
				CLANG_WARN_CONSTANT_CONVERSION = YES;
				CLANG_WARN_DEPRECATED_OBJC_IMPLEMENTATIONS = YES;
				CLANG_WARN_DIRECT_OBJC_ISA_USAGE = YES_ERROR;
				CLANG_WARN_DOCUMENTATION_COMMENTS = YES;
				CLANG_WARN_EMPTY_BODY = YES;
				CLANG_WARN_ENUM_CONVERSION = YES;
				CLANG_WARN_INFINITE_RECURSION = YES;
				CLANG_WARN_INT_CONVERSION = YES;
				CLANG_WARN_NON_LITERAL_NULL_CONVERSION = YES;
				CLANG_WARN_OBJC_IMPLICIT_RETAIN_SELF = YES;
				CLANG_WARN_OBJC_LITERAL_CONVERSION = YES;
				CLANG_WARN_OBJC_ROOT_CLASS = YES_ERROR;
				CLANG_WARN_QUOTED_INCLUDE_IN_FRAMEWORK_HEADER = YES;
				CLANG_WARN_RANGE_LOOP_ANALYSIS = YES;
				CLANG_WARN_STRICT_PROTOTYPES = YES;
				CLANG_WARN_SUSPICIOUS_MOVE = YES;
				CLANG_WARN_UNGUARDED_AVAILABILITY = YES_AGGRESSIVE;
				CLANG_WARN_UNREACHABLE_CODE = YES;
				CLANG_WARN__DUPLICATE_METHOD_MATCH = YES;
				COPY_PHASE_STRIP = NO;
				DEBUG_INFORMATION_FORMAT = "dwarf-with-dsym";
				ENABLE_NS_ASSERTIONS = NO;
				ENABLE_STRICT_OBJC_MSGSEND = YES;
				GCC_C_LANGUAGE_STANDARD = gnu11;
				GCC_NO_COMMON_BLOCKS = YES;
				GCC_WARN_64_TO_32_BIT_CONVERSION = YES;
				GCC_WARN_ABOUT_RETURN_TYPE = YES_ERROR;
				GCC_WARN_UNDECLARED_SELECTOR = YES;
				GCC_WARN_UNINITIALIZED_AUTOS = YES_AGGRESSIVE;
				GCC_WARN_UNUSED_FUNCTION = YES;
				GCC_WARN_UNUSED_VARIABLE = YES;
				IPHONEOS_DEPLOYMENT_TARGET = 14.3;
				MTL_ENABLE_DEBUG_INFO = NO;
				MTL_FAST_MATH = YES;
				SDKROOT = iphoneos;
				SWIFT_COMPILATION_MODE = wholemodule;
				SWIFT_OPTIMIZATION_LEVEL = "-O";
				VALIDATE_PRODUCT = YES;
			};
			name = Release;
		};
		8F390F7925F713F5003E8CF4 /* Debug */ = {
			isa = XCBuildConfiguration;
			buildSettings = {
				ASSETCATALOG_COMPILER_APPICON_NAME = AppIcon;
				ASSETCATALOG_COMPILER_GLOBAL_ACCENT_COLOR_NAME = AccentColor;
				CODE_SIGN_STYLE = Automatic;
				INFOPLIST_FILE = TaskTracker/Info.plist;
				LD_RUNPATH_SEARCH_PATHS = (
					"$(inherited)",
					"@executable_path/Frameworks",
				);
				PRODUCT_BUNDLE_IDENTIFIER = MyCompany.TaskTracker;
				PRODUCT_NAME = "$(TARGET_NAME)";
				SWIFT_VERSION = 5.0;
				TARGETED_DEVICE_FAMILY = "1,2";
			};
			name = Debug;
		};
		8F390F7A25F713F5003E8CF4 /* Release */ = {
			isa = XCBuildConfiguration;
			buildSettings = {
				ASSETCATALOG_COMPILER_APPICON_NAME = AppIcon;
				ASSETCATALOG_COMPILER_GLOBAL_ACCENT_COLOR_NAME = AccentColor;
				CODE_SIGN_STYLE = Automatic;
				INFOPLIST_FILE = TaskTracker/Info.plist;
				LD_RUNPATH_SEARCH_PATHS = (
					"$(inherited)",
					"@executable_path/Frameworks",
				);
				PRODUCT_BUNDLE_IDENTIFIER = MyCompany.TaskTracker;
				PRODUCT_NAME = "$(TARGET_NAME)";
				SWIFT_VERSION = 5.0;
				TARGETED_DEVICE_FAMILY = "1,2";
			};
			name = Release;
		};
/* End XCBuildConfiguration section */

/* Begin XCConfigurationList section */
		8F390F5F25F713DD003E8CF4 /* Build configuration list for PBXProject "TaskTracker" */ = {
			isa = XCConfigurationList;
			buildConfigurations = (
				8F390F7625F713F5003E8CF4 /* Debug */,
				8F390F7725F713F5003E8CF4 /* Release */,
			);
			defaultConfigurationIsVisible = 0;
			defaultConfigurationName = Release;
		};
		8F390F7825F713F5003E8CF4 /* Build configuration list for PBXNativeTarget "TaskTracker" */ = {
			isa = XCConfigurationList;
			buildConfigurations = (
				8F390F7925F713F5003E8CF4 /* Debug */,
				8F390F7A25F713F5003E8CF4 /* Release */,
			);
			defaultConfigurationIsVisible = 0;
			defaultConfigurationName = Release;
		};
/* End XCConfigurationList section */
	};
	rootObject = 8F390F5C25F713DD003E8CF4 /* Project object */;
}
